
Microsoft Visual Studio Solution File, Format Version 12.00
# Visual Studio Version 16
VisualStudioVersion = 16.0.31829.152
MinimumVisualStudioVersion = 10.0.40219.1
Project("{FAE04EC0-301F-11D3-BF4B-00C04F79EFBC}") = "Task12", "Task12\Task12.csproj", "{2ABF1B17-DC7B-4B1E-8C77-259B8C90500A}"
EndProject
Global
	GlobalSection(SolutionConfigurationPlatforms) = preSolution
		Debug|Any CPU = Debug|Any CPU
		Release|Any CPU = Release|Any CPU
	EndGlobalSection
	GlobalSection(ProjectConfigurationPlatforms) = postSolution
		{2ABF1B17-DC7B-4B1E-8C77-259B8C90500A}.Debug|Any CPU.ActiveCfg = Debug|Any CPU
		{2ABF1B17-DC7B-4B1E-8C77-259B8C90500A}.Debug|Any CPU.Build.0 = Debug|Any CPU
		{2ABF1B17-DC7B-4B1E-8C77-259B8C90500A}.Release|Any CPU.ActiveCfg = Release|Any CPU
		{2ABF1B17-DC7B-4B1E-8C77-259B8C90500A}.Release|Any CPU.Build.0 = Release|Any CPU
	EndGlobalSection
	GlobalSection(SolutionProperties) = preSolution
		HideSolutionNode = FALSE
	EndGlobalSection
	GlobalSection(ExtensibilityGlobals) = postSolution
		SolutionGuid = {D793DD06-7473-4FB3-9DC5-98C452B2A41F}
	EndGlobalSection
EndGlobal
